{
  "requires": true,
  "lockfileVersion": 1,
  "dependencies": {
    "@babel/runtime": {
      "version": "7.11.2",
      "resolved": "https://registry.npmjs.org/@babel/runtime/-/runtime-7.11.2.tgz",
      "integrity": "sha512-TeWkU52so0mPtDcaCTxNBI/IHiz0pZgr8VEFqXFtZWpYD08ZB6FaSwVAS8MKRQAP3bYKiVjwysOJgMFY28o6Tw==",
      "requires": {
        "regenerator-runtime": "^0.13.4"
      }
    },
    "@vue/babel-helper-vue-jsx-merge-props": {
      "version": "1.0.0",
      "resolved": "https://registry.npmjs.org/@vue/babel-helper-vue-jsx-merge-props/-/babel-helper-vue-jsx-merge-props-1.0.0.tgz",
      "integrity": "sha512-6tyf5Cqm4m6v7buITuwS+jHzPlIPxbFzEhXR5JGZpbrvOcp1hiQKckd305/3C7C36wFekNTQSxAtgeM0j0yoUw=="
    },
    "argparse": {
      "version": "1.0.10",
      "resolved": "https://registry.npmjs.org/argparse/-/argparse-1.0.10.tgz",
      "integrity": "sha512-o5Roy6tNG4SL/FOkCAN6RzjiakZS25RLYFrcMttJqbdd8BWrnA+fGz57iN5Pb06pvBGvl5gQ0B48dJlslXvoTg==",
      "requires": {
        "sprintf-js": "~1.0.2"
      }
    },
    "bmaplib.curveline": {
      "version": "1.0.0",
      "resolved": "https://registry.npmjs.org/bmaplib.curveline/-/bmaplib.curveline-1.0.0.tgz",
      "integrity": "sha512-9wcFMVhiYxNPqpvsLDAADn3qDhNzXp2mA6VyHSHg2XOAgSooC7ZiujdFhy0sp+0QYjTfJ/MjmLuNoUg2HHxH4Q=="
    },
    "bmaplib.heatmap": {
      "version": "1.0.4",
      "resolved": "https://registry.npmjs.org/bmaplib.heatmap/-/bmaplib.heatmap-1.0.4.tgz",
      "integrity": "sha512-rmhqUARBpUSJ9jXzUI2j7dIOqnc38bqubkx/8a349U2qtw/ulLUwyzRD535OrA8G7w5cz4aPKm6/rNvUAarg/Q=="
    },
    "bmaplib.lushu": {
      "version": "1.0.7",
      "resolved": "https://registry.npmjs.org/bmaplib.lushu/-/bmaplib.lushu-1.0.7.tgz",
      "integrity": "sha512-LVvgpESPii6xGxyjnQjq8u+ic4NjvhdCPV/RiSS/PGTUdZKeTDS7prSpleJLZH3ES0+oc0gYn8bw0LtPYUSz2w=="
    },
    "bmaplib.markerclusterer": {
      "version": "1.0.13",
      "resolved": "https://registry.npmjs.org/bmaplib.markerclusterer/-/bmaplib.markerclusterer-1.0.13.tgz",
      "integrity": "sha512-VrLyWSiuDEVNi0yUfwOhFQ6z1oEEHS4w36GNu3iASu6p52QIx9uAXMUkuSCHReNR0bj2Cp9SA1dSx5RpojXajQ==",
      "requires": {
        "bmaplib.texticonoverlay": "^1.0.2"
      }
    },
    "bmaplib.texticonoverlay": {
      "version": "1.0.2",
      "resolved": "https://registry.npmjs.org/bmaplib.texticonoverlay/-/bmaplib.texticonoverlay-1.0.2.tgz",
      "integrity": "sha512-4ZTWr4ZP3B6qEWput5Tut16CfZgII38YwM3bpyb4gFTQyORlKYryFp9WHWrwZZaHlOyYDAXG9SX0hka43jTADg=="
    },
    "cnchar": {
      "version": "2.2.6",
      "resolved": "https://registry.npmjs.org/cnchar/-/cnchar-2.2.6.tgz",
      "integrity": "sha512-MhfVXr9VBCCcIrYy/6eS7I2G+6hzlvONsiESaIf1ksgPRCzf6FXSpT5untgT75moIIlhET8cAWWWAXyclm2cdQ=="
    },
    "echarts": {
      "version": "4.9.0",
      "resolved": "https://registry.npmjs.org/echarts/-/echarts-4.9.0.tgz",
      "integrity": "sha512-+ugizgtJ+KmsJyyDPxaw2Br5FqzuBnyOWwcxPKO6y0gc5caYcfnEUIlNStx02necw8jmKmTafmpHhGo4XDtEIA==",
      "requires": {
        "zrender": "4.3.2"
      }
    },
    "entities": {
      "version": "1.1.2",
      "resolved": "https://registry.npmjs.org/entities/-/entities-1.1.2.tgz",
      "integrity": "sha512-f2LZMYl1Fzu7YSBKg+RoROelpOaNrcGmE9AZubeDfrCEia483oW4MI4VyFd5VNHIgQ/7qm1I0wUHK1eJnn2y2w=="
    },
    "linkify-it": {
      "version": "2.2.0",
      "resolved": "https://registry.npmjs.org/linkify-it/-/linkify-it-2.2.0.tgz",
      "integrity": "sha512-GnAl/knGn+i1U/wjBz3akz2stz+HrHLsxMwHQGofCDfPvlf+gDKN58UtfmUquTY4/MXeE2x7k19KQmeoZi94Iw==",
      "requires": {
        "uc.micro": "^1.0.1"
      }
    },
    "markdown-it": {
      "version": "8.4.2",
      "resolved": "https://registry.npmjs.org/markdown-it/-/markdown-it-8.4.2.tgz",
      "integrity": "sha512-GcRz3AWTqSUphY3vsUqQSFMbgR38a4Lh3GWlHRh/7MRwz8mcu9n2IO7HOh+bXHrR9kOPDl5RNCaEsrneb+xhHQ==",
      "requires": {
        "argparse": "^1.0.7",
        "entities": "~1.1.1",
        "linkify-it": "^2.0.0",
        "mdurl": "^1.0.1",
        "uc.micro": "^1.0.5"
      }
    },
    "mdurl": {
      "version": "1.0.1",
      "resolved": "https://registry.npmjs.org/mdurl/-/mdurl-1.0.1.tgz",
      "integrity": "sha1-/oWy7HWlkDfyrf7BAP1sYBdhFS4="
    },
    "moment": {
      "version": "2.27.0",
      "resolved": "https://registry.npmjs.org/moment/-/moment-2.27.0.tgz",
      "integrity": "sha512-al0MUK7cpIcglMv3YF13qSgdAIqxHTO7brRtaz3DlSULbqfazqkc5kEjNrLDOM7fsjshoFIihnU8snrP7zUvhQ=="
    },
    "mpvue-echarts": {
      "version": "0.3.2",
      "resolved": "https://registry.npmjs.org/mpvue-echarts/-/mpvue-echarts-0.3.2.tgz",
      "integrity": "sha512-KULGS1DOMNhXu3nBkBv6BtmnqjyHLc+2Dur7eW+2s2aic1NCOygglCMmAmMEU6/TGSR67ttFA2NYxXPUYbNhWQ=="
    },
    "regenerator-runtime": {
      "version": "0.13.7",
      "resolved": "https://registry.npmjs.org/regenerator-runtime/-/regenerator-runtime-0.13.7.tgz",
      "integrity": "sha512-a54FxoJDIr27pgf7IgeQGxmqUNYrcV338lf/6gH456HZ/PhX+5BcwHXG9ajESmwe6WRO0tAzRUrRmNONWgkrew=="
    },
    "sprintf-js": {
      "version": "1.0.3",
      "resolved": "https://registry.npmjs.org/sprintf-js/-/sprintf-js-1.0.3.tgz",
      "integrity": "sha1-BOaSb2YolTVPPdAVIDYzuFcpfiw="
    },
    "uc.micro": {
      "version": "1.0.6",
      "resolved": "https://registry.npmjs.org/uc.micro/-/uc.micro-1.0.6.tgz",
      "integrity": "sha512-8Y75pvTYkLJW2hWQHXxoqRgV7qb9B+9vFEtidML+7koHUFapnVJAZ6cKs+Qjz5Aw3aZWHMC6u0wJE3At+nSGwA=="
    },
    "uview-ui": {
      "version": "1.7.6",
      "resolved": "https://registry.npmjs.org/uview-ui/-/uview-ui-1.7.6.tgz",
      "integrity": "sha512-npV0GrsSW8RrizAQpR7XdL5qUsQs73ywkj6IprNH5sQiYuT2YcYp5Zvmpv+jjR9oh+3u6oPdUzWZ+pVtfcG9SA=="
    },
    "vue-lazyload": {
      "version": "1.2.3",
      "resolved": "https://registry.npmjs.org/vue-lazyload/-/vue-lazyload-1.2.3.tgz",
      "integrity": "sha512-DC0ZwxanbRhx79tlA3zY5OYJkH8FYp3WBAnAJbrcuoS8eye1P73rcgAZhyxFSPUluJUTelMB+i/+VkNU/qVm7g=="
    },
    "zrender": {
      "version": "4.3.2",
      "resolved": "https://registry.npmjs.org/zrender/-/zrender-4.3.2.tgz",
      "integrity": "sha512-bIusJLS8c4DkIcdiK+s13HiQ/zjQQVgpNohtd8d94Y2DnJqgM1yjh/jpDb8DoL6hd7r8Awagw8e3qK/oLaWr3g=="
    }
  }
}
